
Microsoft Visual Studio Solution File, Format Version 12.00
# Visual Studio Version 17
VisualStudioVersion = 17.3.32929.385
MinimumVisualStudioVersion = 10.0.40219.1
Project("{FAE04EC0-301F-11D3-BF4B-00C04F79EFBC}") = "WebApi", "WebApi\WebApi.csproj", "{C1E971A0-818F-4F23-B1A8-ADC94B20C466}"
EndProject
Global
	GlobalSection(SolutionConfigurationPlatforms) = preSolution
		Debug|Any CPU = Debug|Any CPU
		Release|Any CPU = Release|Any CPU
	EndGlobalSection
	GlobalSection(ProjectConfigurationPlatforms) = postSolution
		{C1E971A0-818F-4F23-B1A8-ADC94B20C466}.Debug|Any CPU.ActiveCfg = Debug|Any CPU
		{C1E971A0-818F-4F23-B1A8-ADC94B20C466}.Debug|Any CPU.Build.0 = Debug|Any CPU
		{C1E971A0-818F-4F23-B1A8-ADC94B20C466}.Release|Any CPU.ActiveCfg = Release|Any CPU
		{C1E971A0-818F-4F23-B1A8-ADC94B20C466}.Release|Any CPU.Build.0 = Release|Any CPU
	EndGlobalSection
	GlobalSection(SolutionProperties) = preSolution
		HideSolutionNode = FALSE
	EndGlobalSection
	GlobalSection(ExtensibilityGlobals) = postSolution
		SolutionGuid = {06F259D9-8C49-484C-AC1F-E480D80C2A30}
	EndGlobalSection
EndGlobal
